
Microsoft Visual Studio Solution File, Format Version 12.00
# Visual Studio Version 16
VisualStudioVersion = 16.0.29509.3
MinimumVisualStudioVersion = 10.0.40219.1
Project("{9A19103F-16F7-4668-BE54-9A1E7A4F7556}") = "sclask", "sclask.csproj", "{7E8197EC-B107-493A-BCE4-03CF5DC976C4}"
EndProject
Global
	GlobalSection(SolutionConfigurationPlatforms) = preSolution
		Debug|Any CPU = Debug|Any CPU
		Release|Any CPU = Release|Any CPU
	EndGlobalSection
	GlobalSection(ProjectConfigurationPlatforms) = postSolution
		{7E8197EC-B107-493A-BCE4-03CF5DC976C4}.Debug|Any CPU.ActiveCfg = Debug|Any CPU
		{7E8197EC-B107-493A-BCE4-03CF5DC976C4}.Debug|Any CPU.Build.0 = Debug|Any CPU
		{7E8197EC-B107-493A-BCE4-03CF5DC976C4}.Release|Any CPU.ActiveCfg = Release|Any CPU
		{7E8197EC-B107-493A-BCE4-03CF5DC976C4}.Release|Any CPU.Build.0 = Release|Any CPU
	EndGlobalSection
	GlobalSection(SolutionProperties) = preSolution
		HideSolutionNode = FALSE
	EndGlobalSection
	GlobalSection(ExtensibilityGlobals) = postSolution
		SolutionGuid = {A10EA8A6-334D-40DE-B6B6-964150979984}
	EndGlobalSection
EndGlobal
